
Microsoft Visual Studio Solution File, Format Version 12.00
# Visual Studio Version 17
VisualStudioVersion = 17.0.31903.59
MinimumVisualStudioVersion = 10.0.40219.1
Project("{FAE04EC0-301F-11D3-BF4B-00C04F79EFBC}") = "Plataforma.API", "Plataforma.API\Plataforma.API.csproj", "{60E88E44-6546-4B28-9C4F-034BCDBD8714}"
EndProject
Project("{FAE04EC0-301F-11D3-BF4B-00C04F79EFBC}") = "Plataforma.Application", "Plataforma.Application\Plataforma.Application.csproj", "{5D0199DB-AB25-41CB-9377-1C6BBA9C630C}"
EndProject
Project("{FAE04EC0-301F-11D3-BF4B-00C04F79EFBC}") = "Plataforma.Domain", "Plataforma.Domain\Plataforma.Domain.csproj", "{ECC37FD6-5D89-415C-B972-01EE295F85B1}"
EndProject
Project("{FAE04EC0-301F-11D3-BF4B-00C04F79EFBC}") = "Plataforma.Infrastructure", "Plataforma.Infrastructure\Plataforma.Infrastructure.csproj", "{1DA2343C-F7F5-451C-9C1B-5A61038DC30D}"
EndProject
Global
	GlobalSection(SolutionConfigurationPlatforms) = preSolution
		Debug|Any CPU = Debug|Any CPU
		Debug|x64 = Debug|x64
		Debug|x86 = Debug|x86
		Release|Any CPU = Release|Any CPU
		Release|x64 = Release|x64
		Release|x86 = Release|x86
	EndGlobalSection
	GlobalSection(ProjectConfigurationPlatforms) = postSolution
		{60E88E44-6546-4B28-9C4F-034BCDBD8714}.Debug|Any CPU.ActiveCfg = Debug|Any CPU
		{60E88E44-6546-4B28-9C4F-034BCDBD8714}.Debug|Any CPU.Build.0 = Debug|Any CPU
		{60E88E44-6546-4B28-9C4F-034BCDBD8714}.Debug|x64.ActiveCfg = Debug|Any CPU
		{60E88E44-6546-4B28-9C4F-034BCDBD8714}.Debug|x64.Build.0 = Debug|Any CPU
		{60E88E44-6546-4B28-9C4F-034BCDBD8714}.Debug|x86.ActiveCfg = Debug|Any CPU
		{60E88E44-6546-4B28-9C4F-034BCDBD8714}.Debug|x86.Build.0 = Debug|Any CPU
		{60E88E44-6546-4B28-9C4F-034BCDBD8714}.Release|Any CPU.ActiveCfg = Release|Any CPU
		{60E88E44-6546-4B28-9C4F-034BCDBD8714}.Release|Any CPU.Build.0 = Release|Any CPU
		{60E88E44-6546-4B28-9C4F-034BCDBD8714}.Release|x64.ActiveCfg = Release|Any CPU
		{60E88E44-6546-4B28-9C4F-034BCDBD8714}.Release|x64.Build.0 = Release|Any CPU
		{60E88E44-6546-4B28-9C4F-034BCDBD8714}.Release|x86.ActiveCfg = Release|Any CPU
		{60E88E44-6546-4B28-9C4F-034BCDBD8714}.Release|x86.Build.0 = Release|Any CPU
		{5D0199DB-AB25-41CB-9377-1C6BBA9C630C}.Debug|Any CPU.ActiveCfg = Debug|Any CPU
		{5D0199DB-AB25-41CB-9377-1C6BBA9C630C}.Debug|Any CPU.Build.0 = Debug|Any CPU
		{5D0199DB-AB25-41CB-9377-1C6BBA9C630C}.Debug|x64.ActiveCfg = Debug|Any CPU
		{5D0199DB-AB25-41CB-9377-1C6BBA9C630C}.Debug|x64.Build.0 = Debug|Any CPU
		{5D0199DB-AB25-41CB-9377-1C6BBA9C630C}.Debug|x86.ActiveCfg = Debug|Any CPU
		{5D0199DB-AB25-41CB-9377-1C6BBA9C630C}.Debug|x86.Build.0 = Debug|Any CPU
		{5D0199DB-AB25-41CB-9377-1C6BBA9C630C}.Release|Any CPU.ActiveCfg = Release|Any CPU
		{5D0199DB-AB25-41CB-9377-1C6BBA9C630C}.Release|Any CPU.Build.0 = Release|Any CPU
		{5D0199DB-AB25-41CB-9377-1C6BBA9C630C}.Release|x64.ActiveCfg = Release|Any CPU
		{5D0199DB-AB25-41CB-9377-1C6BBA9C630C}.Release|x64.Build.0 = Release|Any CPU
		{5D0199DB-AB25-41CB-9377-1C6BBA9C630C}.Release|x86.ActiveCfg = Release|Any CPU
		{5D0199DB-AB25-41CB-9377-1C6BBA9C630C}.Release|x86.Build.0 = Release|Any CPU
		{ECC37FD6-5D89-415C-B972-01EE295F85B1}.Debug|Any CPU.ActiveCfg = Debug|Any CPU
		{ECC37FD6-5D89-415C-B972-01EE295F85B1}.Debug|Any CPU.Build.0 = Debug|Any CPU
		{ECC37FD6-5D89-415C-B972-01EE295F85B1}.Debug|x64.ActiveCfg = Debug|Any CPU
		{ECC37FD6-5D89-415C-B972-01EE295F85B1}.Debug|x64.Build.0 = Debug|Any CPU
		{ECC37FD6-5D89-415C-B972-01EE295F85B1}.Debug|x86.ActiveCfg = Debug|Any CPU
		{ECC37FD6-5D89-415C-B972-01EE295F85B1}.Debug|x86.Build.0 = Debug|Any CPU
		{ECC37FD6-5D89-415C-B972-01EE295F85B1}.Release|Any CPU.ActiveCfg = Release|Any CPU
		{ECC37FD6-5D89-415C-B972-01EE295F85B1}.Release|Any CPU.Build.0 = Release|Any CPU
		{ECC37FD6-5D89-415C-B972-01EE295F85B1}.Release|x64.ActiveCfg = Release|Any CPU
		{ECC37FD6-5D89-415C-B972-01EE295F85B1}.Release|x64.Build.0 = Release|Any CPU
		{ECC37FD6-5D89-415C-B972-01EE295F85B1}.Release|x86.ActiveCfg = Release|Any CPU
		{ECC37FD6-5D89-415C-B972-01EE295F85B1}.Release|x86.Build.0 = Release|Any CPU
		{1DA2343C-F7F5-451C-9C1B-5A61038DC30D}.Debug|Any CPU.ActiveCfg = Debug|Any CPU
		{1DA2343C-F7F5-451C-9C1B-5A61038DC30D}.Debug|Any CPU.Build.0 = Debug|Any CPU
		{1DA2343C-F7F5-451C-9C1B-5A61038DC30D}.Debug|x64.ActiveCfg = Debug|Any CPU
		{1DA2343C-F7F5-451C-9C1B-5A61038DC30D}.Debug|x64.Build.0 = Debug|Any CPU
		{1DA2343C-F7F5-451C-9C1B-5A61038DC30D}.Debug|x86.ActiveCfg = Debug|Any CPU
		{1DA2343C-F7F5-451C-9C1B-5A61038DC30D}.Debug|x86.Build.0 = Debug|Any CPU
		{1DA2343C-F7F5-451C-9C1B-5A61038DC30D}.Release|Any CPU.ActiveCfg = Release|Any CPU
		{1DA2343C-F7F5-451C-9C1B-5A61038DC30D}.Release|Any CPU.Build.0 = Release|Any CPU
		{1DA2343C-F7F5-451C-9C1B-5A61038DC30D}.Release|x64.ActiveCfg = Release|Any CPU
		{1DA2343C-F7F5-451C-9C1B-5A61038DC30D}.Release|x64.Build.0 = Release|Any CPU
		{1DA2343C-F7F5-451C-9C1B-5A61038DC30D}.Release|x86.ActiveCfg = Release|Any CPU
		{1DA2343C-F7F5-451C-9C1B-5A61038DC30D}.Release|x86.Build.0 = Release|Any CPU
	EndGlobalSection
	GlobalSection(SolutionProperties) = preSolution
		HideSolutionNode = FALSE
	EndGlobalSection
EndGlobal
