
Microsoft Visual Studio Solution File, Format Version 12.00
# Visual Studio Version 17
VisualStudioVersion = 17.0.31903.59
MinimumVisualStudioVersion = 10.0.40219.1
Project("{FAE04EC0-301F-11D3-BF4B-00C04F79EFBC}") = "backend", "backend\backend.csproj", "{CF314595-58FF-4771-9E3A-0707C17996E8}"
EndProject
Project("{FAE04EC0-301F-11D3-BF4B-00C04F79EFBC}") = "frontend", "frontend\frontend.csproj", "{5F4347F7-6D01-44A0-BFC4-0C327C058A00}"
EndProject
Global
	GlobalSection(SolutionConfigurationPlatforms) = preSolution
		Debug|Any CPU = Debug|Any CPU
		Debug|x64 = Debug|x64
		Debug|x86 = Debug|x86
		Release|Any CPU = Release|Any CPU
		Release|x64 = Release|x64
		Release|x86 = Release|x86
	EndGlobalSection
	GlobalSection(ProjectConfigurationPlatforms) = postSolution
		{CF314595-58FF-4771-9E3A-0707C17996E8}.Debug|Any CPU.ActiveCfg = Debug|Any CPU
		{CF314595-58FF-4771-9E3A-0707C17996E8}.Debug|Any CPU.Build.0 = Debug|Any CPU
		{CF314595-58FF-4771-9E3A-0707C17996E8}.Debug|x64.ActiveCfg = Debug|Any CPU
		{CF314595-58FF-4771-9E3A-0707C17996E8}.Debug|x64.Build.0 = Debug|Any CPU
		{CF314595-58FF-4771-9E3A-0707C17996E8}.Debug|x86.ActiveCfg = Debug|Any CPU
		{CF314595-58FF-4771-9E3A-0707C17996E8}.Debug|x86.Build.0 = Debug|Any CPU
		{CF314595-58FF-4771-9E3A-0707C17996E8}.Release|Any CPU.ActiveCfg = Release|Any CPU
		{CF314595-58FF-4771-9E3A-0707C17996E8}.Release|Any CPU.Build.0 = Release|Any CPU
		{CF314595-58FF-4771-9E3A-0707C17996E8}.Release|x64.ActiveCfg = Release|Any CPU
		{CF314595-58FF-4771-9E3A-0707C17996E8}.Release|x64.Build.0 = Release|Any CPU
		{CF314595-58FF-4771-9E3A-0707C17996E8}.Release|x86.ActiveCfg = Release|Any CPU
		{CF314595-58FF-4771-9E3A-0707C17996E8}.Release|x86.Build.0 = Release|Any CPU
		{5F4347F7-6D01-44A0-BFC4-0C327C058A00}.Debug|Any CPU.ActiveCfg = Debug|Any CPU
		{5F4347F7-6D01-44A0-BFC4-0C327C058A00}.Debug|Any CPU.Build.0 = Debug|Any CPU
		{5F4347F7-6D01-44A0-BFC4-0C327C058A00}.Debug|x64.ActiveCfg = Debug|Any CPU
		{5F4347F7-6D01-44A0-BFC4-0C327C058A00}.Debug|x64.Build.0 = Debug|Any CPU
		{5F4347F7-6D01-44A0-BFC4-0C327C058A00}.Debug|x86.ActiveCfg = Debug|Any CPU
		{5F4347F7-6D01-44A0-BFC4-0C327C058A00}.Debug|x86.Build.0 = Debug|Any CPU
		{5F4347F7-6D01-44A0-BFC4-0C327C058A00}.Release|Any CPU.ActiveCfg = Release|Any CPU
		{5F4347F7-6D01-44A0-BFC4-0C327C058A00}.Release|Any CPU.Build.0 = Release|Any CPU
		{5F4347F7-6D01-44A0-BFC4-0C327C058A00}.Release|x64.ActiveCfg = Release|Any CPU
		{5F4347F7-6D01-44A0-BFC4-0C327C058A00}.Release|x64.Build.0 = Release|Any CPU
		{5F4347F7-6D01-44A0-BFC4-0C327C058A00}.Release|x86.ActiveCfg = Release|Any CPU
		{5F4347F7-6D01-44A0-BFC4-0C327C058A00}.Release|x86.Build.0 = Release|Any CPU
	EndGlobalSection
	GlobalSection(SolutionProperties) = preSolution
		HideSolutionNode = FALSE
	EndGlobalSection
EndGlobal
