
Microsoft Visual Studio Solution File, Format Version 12.00
# Visual Studio Version 17
VisualStudioVersion = 17.0.31903.59
MinimumVisualStudioVersion = 10.0.40219.1
Project("{FAE04EC0-301F-11D3-BF4B-00C04F79EFBC}") = "backend", "backend\backend.csproj", "{59B9EE13-D947-4DE2-8653-203EF2D3155B}"
EndProject
Project("{FAE04EC0-301F-11D3-BF4B-00C04F79EFBC}") = "frontend", "frontend\frontend.csproj", "{A6ADA4C7-A73D-48F7-9CA2-C311A37271DA}"
EndProject
Global
	GlobalSection(SolutionConfigurationPlatforms) = preSolution
		Debug|Any CPU = Debug|Any CPU
		Debug|x64 = Debug|x64
		Debug|x86 = Debug|x86
		Release|Any CPU = Release|Any CPU
		Release|x64 = Release|x64
		Release|x86 = Release|x86
	EndGlobalSection
	GlobalSection(ProjectConfigurationPlatforms) = postSolution
		{59B9EE13-D947-4DE2-8653-203EF2D3155B}.Debug|Any CPU.ActiveCfg = Debug|Any CPU
		{59B9EE13-D947-4DE2-8653-203EF2D3155B}.Debug|Any CPU.Build.0 = Debug|Any CPU
		{59B9EE13-D947-4DE2-8653-203EF2D3155B}.Debug|x64.ActiveCfg = Debug|Any CPU
		{59B9EE13-D947-4DE2-8653-203EF2D3155B}.Debug|x64.Build.0 = Debug|Any CPU
		{59B9EE13-D947-4DE2-8653-203EF2D3155B}.Debug|x86.ActiveCfg = Debug|Any CPU
		{59B9EE13-D947-4DE2-8653-203EF2D3155B}.Debug|x86.Build.0 = Debug|Any CPU
		{59B9EE13-D947-4DE2-8653-203EF2D3155B}.Release|Any CPU.ActiveCfg = Release|Any CPU
		{59B9EE13-D947-4DE2-8653-203EF2D3155B}.Release|Any CPU.Build.0 = Release|Any CPU
		{59B9EE13-D947-4DE2-8653-203EF2D3155B}.Release|x64.ActiveCfg = Release|Any CPU
		{59B9EE13-D947-4DE2-8653-203EF2D3155B}.Release|x64.Build.0 = Release|Any CPU
		{59B9EE13-D947-4DE2-8653-203EF2D3155B}.Release|x86.ActiveCfg = Release|Any CPU
		{59B9EE13-D947-4DE2-8653-203EF2D3155B}.Release|x86.Build.0 = Release|Any CPU
		{A6ADA4C7-A73D-48F7-9CA2-C311A37271DA}.Debug|Any CPU.ActiveCfg = Debug|Any CPU
		{A6ADA4C7-A73D-48F7-9CA2-C311A37271DA}.Debug|Any CPU.Build.0 = Debug|Any CPU
		{A6ADA4C7-A73D-48F7-9CA2-C311A37271DA}.Debug|x64.ActiveCfg = Debug|Any CPU
		{A6ADA4C7-A73D-48F7-9CA2-C311A37271DA}.Debug|x64.Build.0 = Debug|Any CPU
		{A6ADA4C7-A73D-48F7-9CA2-C311A37271DA}.Debug|x86.ActiveCfg = Debug|Any CPU
		{A6ADA4C7-A73D-48F7-9CA2-C311A37271DA}.Debug|x86.Build.0 = Debug|Any CPU
		{A6ADA4C7-A73D-48F7-9CA2-C311A37271DA}.Release|Any CPU.ActiveCfg = Release|Any CPU
		{A6ADA4C7-A73D-48F7-9CA2-C311A37271DA}.Release|Any CPU.Build.0 = Release|Any CPU
		{A6ADA4C7-A73D-48F7-9CA2-C311A37271DA}.Release|x64.ActiveCfg = Release|Any CPU
		{A6ADA4C7-A73D-48F7-9CA2-C311A37271DA}.Release|x64.Build.0 = Release|Any CPU
		{A6ADA4C7-A73D-48F7-9CA2-C311A37271DA}.Release|x86.ActiveCfg = Release|Any CPU
		{A6ADA4C7-A73D-48F7-9CA2-C311A37271DA}.Release|x86.Build.0 = Release|Any CPU
	EndGlobalSection
	GlobalSection(SolutionProperties) = preSolution
		HideSolutionNode = FALSE
	EndGlobalSection
EndGlobal
