
Microsoft Visual Studio Solution File, Format Version 12.00
# Visual Studio Version 17
VisualStudioVersion = 17.0.31903.59
MinimumVisualStudioVersion = 10.0.40219.1
Project("{FAE04EC0-301F-11D3-BF4B-00C04F79EFBC}") = "ProductApp.API", "ProductApp.API\ProductApp.API.csproj", "{65094A1C-D9B6-469A-8869-CDFB8839D746}"
EndProject
Project("{FAE04EC0-301F-11D3-BF4B-00C04F79EFBC}") = "ProductApp.Tests", "ProductApp.Tests\ProductApp.Tests.csproj", "{A7EFBF99-48F4-4F82-A46A-5EF843711BFD}"
EndProject
Global
	GlobalSection(SolutionConfigurationPlatforms) = preSolution
		Debug|Any CPU = Debug|Any CPU
		Debug|x64 = Debug|x64
		Debug|x86 = Debug|x86
		Release|Any CPU = Release|Any CPU
		Release|x64 = Release|x64
		Release|x86 = Release|x86
	EndGlobalSection
	GlobalSection(ProjectConfigurationPlatforms) = postSolution
		{65094A1C-D9B6-469A-8869-CDFB8839D746}.Debug|Any CPU.ActiveCfg = Debug|Any CPU
		{65094A1C-D9B6-469A-8869-CDFB8839D746}.Debug|Any CPU.Build.0 = Debug|Any CPU
		{65094A1C-D9B6-469A-8869-CDFB8839D746}.Debug|x64.ActiveCfg = Debug|Any CPU
		{65094A1C-D9B6-469A-8869-CDFB8839D746}.Debug|x64.Build.0 = Debug|Any CPU
		{65094A1C-D9B6-469A-8869-CDFB8839D746}.Debug|x86.ActiveCfg = Debug|Any CPU
		{65094A1C-D9B6-469A-8869-CDFB8839D746}.Debug|x86.Build.0 = Debug|Any CPU
		{65094A1C-D9B6-469A-8869-CDFB8839D746}.Release|Any CPU.ActiveCfg = Release|Any CPU
		{65094A1C-D9B6-469A-8869-CDFB8839D746}.Release|Any CPU.Build.0 = Release|Any CPU
		{65094A1C-D9B6-469A-8869-CDFB8839D746}.Release|x64.ActiveCfg = Release|Any CPU
		{65094A1C-D9B6-469A-8869-CDFB8839D746}.Release|x64.Build.0 = Release|Any CPU
		{65094A1C-D9B6-469A-8869-CDFB8839D746}.Release|x86.ActiveCfg = Release|Any CPU
		{65094A1C-D9B6-469A-8869-CDFB8839D746}.Release|x86.Build.0 = Release|Any CPU
		{A7EFBF99-48F4-4F82-A46A-5EF843711BFD}.Debug|Any CPU.ActiveCfg = Debug|Any CPU
		{A7EFBF99-48F4-4F82-A46A-5EF843711BFD}.Debug|Any CPU.Build.0 = Debug|Any CPU
		{A7EFBF99-48F4-4F82-A46A-5EF843711BFD}.Debug|x64.ActiveCfg = Debug|Any CPU
		{A7EFBF99-48F4-4F82-A46A-5EF843711BFD}.Debug|x64.Build.0 = Debug|Any CPU
		{A7EFBF99-48F4-4F82-A46A-5EF843711BFD}.Debug|x86.ActiveCfg = Debug|Any CPU
		{A7EFBF99-48F4-4F82-A46A-5EF843711BFD}.Debug|x86.Build.0 = Debug|Any CPU
		{A7EFBF99-48F4-4F82-A46A-5EF843711BFD}.Release|Any CPU.ActiveCfg = Release|Any CPU
		{A7EFBF99-48F4-4F82-A46A-5EF843711BFD}.Release|Any CPU.Build.0 = Release|Any CPU
		{A7EFBF99-48F4-4F82-A46A-5EF843711BFD}.Release|x64.ActiveCfg = Release|Any CPU
		{A7EFBF99-48F4-4F82-A46A-5EF843711BFD}.Release|x64.Build.0 = Release|Any CPU
		{A7EFBF99-48F4-4F82-A46A-5EF843711BFD}.Release|x86.ActiveCfg = Release|Any CPU
		{A7EFBF99-48F4-4F82-A46A-5EF843711BFD}.Release|x86.Build.0 = Release|Any CPU
	EndGlobalSection
	GlobalSection(SolutionProperties) = preSolution
		HideSolutionNode = FALSE
	EndGlobalSection
EndGlobal
