
Microsoft Visual Studio Solution File, Format Version 12.00
# Visual Studio Version 17
VisualStudioVersion = 17.0.31903.59
MinimumVisualStudioVersion = 10.0.40219.1
Project("{FAE04EC0-301F-11D3-BF4B-00C04F79EFBC}") = "AuthService", "AuthService\AuthService.csproj", "{964BAA04-4567-4D58-B318-25D05CB37AA6}"
EndProject
Project("{FAE04EC0-301F-11D3-BF4B-00C04F79EFBC}") = "UserService", "UserService\UserService.csproj", "{A57DD56D-0387-44F0-8CA5-C4D8CB588FE0}"
EndProject
Project("{FAE04EC0-301F-11D3-BF4B-00C04F79EFBC}") = "MessageBroker", "MessageBroker\MessageBroker.csproj", "{9AE17BE5-9115-4AFF-9C43-14B8BE4EB83B}"
EndProject
Global
	GlobalSection(SolutionConfigurationPlatforms) = preSolution
		Debug|Any CPU = Debug|Any CPU
		Debug|x64 = Debug|x64
		Debug|x86 = Debug|x86
		Release|Any CPU = Release|Any CPU
		Release|x64 = Release|x64
		Release|x86 = Release|x86
	EndGlobalSection
	GlobalSection(ProjectConfigurationPlatforms) = postSolution
		{964BAA04-4567-4D58-B318-25D05CB37AA6}.Debug|Any CPU.ActiveCfg = Debug|Any CPU
		{964BAA04-4567-4D58-B318-25D05CB37AA6}.Debug|Any CPU.Build.0 = Debug|Any CPU
		{964BAA04-4567-4D58-B318-25D05CB37AA6}.Debug|x64.ActiveCfg = Debug|Any CPU
		{964BAA04-4567-4D58-B318-25D05CB37AA6}.Debug|x64.Build.0 = Debug|Any CPU
		{964BAA04-4567-4D58-B318-25D05CB37AA6}.Debug|x86.ActiveCfg = Debug|Any CPU
		{964BAA04-4567-4D58-B318-25D05CB37AA6}.Debug|x86.Build.0 = Debug|Any CPU
		{964BAA04-4567-4D58-B318-25D05CB37AA6}.Release|Any CPU.ActiveCfg = Release|Any CPU
		{964BAA04-4567-4D58-B318-25D05CB37AA6}.Release|Any CPU.Build.0 = Release|Any CPU
		{964BAA04-4567-4D58-B318-25D05CB37AA6}.Release|x64.ActiveCfg = Release|Any CPU
		{964BAA04-4567-4D58-B318-25D05CB37AA6}.Release|x64.Build.0 = Release|Any CPU
		{964BAA04-4567-4D58-B318-25D05CB37AA6}.Release|x86.ActiveCfg = Release|Any CPU
		{964BAA04-4567-4D58-B318-25D05CB37AA6}.Release|x86.Build.0 = Release|Any CPU
		{A57DD56D-0387-44F0-8CA5-C4D8CB588FE0}.Debug|Any CPU.ActiveCfg = Debug|Any CPU
		{A57DD56D-0387-44F0-8CA5-C4D8CB588FE0}.Debug|Any CPU.Build.0 = Debug|Any CPU
		{A57DD56D-0387-44F0-8CA5-C4D8CB588FE0}.Debug|x64.ActiveCfg = Debug|Any CPU
		{A57DD56D-0387-44F0-8CA5-C4D8CB588FE0}.Debug|x64.Build.0 = Debug|Any CPU
		{A57DD56D-0387-44F0-8CA5-C4D8CB588FE0}.Debug|x86.ActiveCfg = Debug|Any CPU
		{A57DD56D-0387-44F0-8CA5-C4D8CB588FE0}.Debug|x86.Build.0 = Debug|Any CPU
		{A57DD56D-0387-44F0-8CA5-C4D8CB588FE0}.Release|Any CPU.ActiveCfg = Release|Any CPU
		{A57DD56D-0387-44F0-8CA5-C4D8CB588FE0}.Release|Any CPU.Build.0 = Release|Any CPU
		{A57DD56D-0387-44F0-8CA5-C4D8CB588FE0}.Release|x64.ActiveCfg = Release|Any CPU
		{A57DD56D-0387-44F0-8CA5-C4D8CB588FE0}.Release|x64.Build.0 = Release|Any CPU
		{A57DD56D-0387-44F0-8CA5-C4D8CB588FE0}.Release|x86.ActiveCfg = Release|Any CPU
		{A57DD56D-0387-44F0-8CA5-C4D8CB588FE0}.Release|x86.Build.0 = Release|Any CPU
		{9AE17BE5-9115-4AFF-9C43-14B8BE4EB83B}.Debug|Any CPU.ActiveCfg = Debug|Any CPU
		{9AE17BE5-9115-4AFF-9C43-14B8BE4EB83B}.Debug|Any CPU.Build.0 = Debug|Any CPU
		{9AE17BE5-9115-4AFF-9C43-14B8BE4EB83B}.Debug|x64.ActiveCfg = Debug|Any CPU
		{9AE17BE5-9115-4AFF-9C43-14B8BE4EB83B}.Debug|x64.Build.0 = Debug|Any CPU
		{9AE17BE5-9115-4AFF-9C43-14B8BE4EB83B}.Debug|x86.ActiveCfg = Debug|Any CPU
		{9AE17BE5-9115-4AFF-9C43-14B8BE4EB83B}.Debug|x86.Build.0 = Debug|Any CPU
		{9AE17BE5-9115-4AFF-9C43-14B8BE4EB83B}.Release|Any CPU.ActiveCfg = Release|Any CPU
		{9AE17BE5-9115-4AFF-9C43-14B8BE4EB83B}.Release|Any CPU.Build.0 = Release|Any CPU
		{9AE17BE5-9115-4AFF-9C43-14B8BE4EB83B}.Release|x64.ActiveCfg = Release|Any CPU
		{9AE17BE5-9115-4AFF-9C43-14B8BE4EB83B}.Release|x64.Build.0 = Release|Any CPU
		{9AE17BE5-9115-4AFF-9C43-14B8BE4EB83B}.Release|x86.ActiveCfg = Release|Any CPU
		{9AE17BE5-9115-4AFF-9C43-14B8BE4EB83B}.Release|x86.Build.0 = Release|Any CPU
	EndGlobalSection
	GlobalSection(SolutionProperties) = preSolution
		HideSolutionNode = FALSE
	EndGlobalSection
EndGlobal
